// !$*UTF8*$!
{
	archiveVersion = 1;
	classes = {
	};
	objectVersion = 55;
	objects = {

/* Begin PBXBuildFile section */
		EDAF23A7FAA648A790DD2CB7 /* Pods_GreenWallet.framework in Frameworks */ = {isa = PBXBuildFile; fileRef = ED23606911404945CE9F819D /* Pods_GreenWallet.framework */; };
		FB0883DC281BE21F001D4317 /* CustomThumbView.swift in Sources */ = {isa = PBXBuildFile; fileRef = FB0883DB281BE21F001D4317 /* CustomThumbView.swift */; };
		FB0FCA6328193CCC00BB0527 /* ImportTableViewCell.swift in Sources */ = {isa = PBXBuildFile; fileRef = FB0FCA6128193CCC00BB0527 /* ImportTableViewCell.swift */; };
		FB0FCA6428193CCC00BB0527 /* ImportTableViewCell.xib in Resources */ = {isa = PBXBuildFile; fileRef = FB0FCA6228193CCC00BB0527 /* ImportTableViewCell.xib */; };
		FB0FCA6628194D4300BB0527 /* SelectSystemViewController.swift in Sources */ = {isa = PBXBuildFile; fileRef = FB0FCA6528194D4300BB0527 /* SelectSystemViewController.swift */; };
		FB0FCA6D2819600400BB0527 /* SelectSystemTableViewCell.swift in Sources */ = {isa = PBXBuildFile; fileRef = FB0FCA6B2819600400BB0527 /* SelectSystemTableViewCell.swift */; };
		FB0FCA6E2819600400BB0527 /* SelectSystemTableViewCell.xib in Resources */ = {isa = PBXBuildFile; fileRef = FB0FCA6C2819600400BB0527 /* SelectSystemTableViewCell.xib */; };
		FB0FCA702819629D00BB0527 /* Models.swift in Sources */ = {isa = PBXBuildFile; fileRef = FB0FCA6F2819629D00BB0527 /* Models.swift */; };
		FB0FCA7328197A4000BB0527 /* ImportTokensTableViewCell.swift in Sources */ = {isa = PBXBuildFile; fileRef = FB0FCA7128197A4000BB0527 /* ImportTokensTableViewCell.swift */; };
		FB0FCA7428197A4000BB0527 /* ImportTokensTableViewCell.xib in Resources */ = {isa = PBXBuildFile; fileRef = FB0FCA7228197A4000BB0527 /* ImportTokensTableViewCell.xib */; };
		FB0FCA7628197B4800BB0527 /* ImportTokensViewController.swift in Sources */ = {isa = PBXBuildFile; fileRef = FB0FCA7528197B4800BB0527 /* ImportTokensViewController.swift */; };
		FB16685E283E21D000155670 /* NetworkManager.swift in Sources */ = {isa = PBXBuildFile; fileRef = FB16685D283E21D000155670 /* NetworkManager.swift */; };
		FB2F369028206ACB007576FE /* NewWalletViewController.swift in Sources */ = {isa = PBXBuildFile; fileRef = FB2F368F28206ACB007576FE /* NewWalletViewController.swift */; };
		FB2F369228207BC0007576FE /* CreatingViewController.swift in Sources */ = {isa = PBXBuildFile; fileRef = FB2F369128207BC0007576FE /* CreatingViewController.swift */; };
		FB2F369428208286007576FE /* MainTabBarController.swift in Sources */ = {isa = PBXBuildFile; fileRef = FB2F369328208286007576FE /* MainTabBarController.swift */; };
		FB3207F92818018F00F1ADCA /* BalanceTableViewCell.swift in Sources */ = {isa = PBXBuildFile; fileRef = FB3207F72818018F00F1ADCA /* BalanceTableViewCell.swift */; };
		FB3207FA2818018F00F1ADCA /* BalanceTableViewCell.xib in Resources */ = {isa = PBXBuildFile; fileRef = FB3207F82818018F00F1ADCA /* BalanceTableViewCell.xib */; };
		FB3208092818286E00F1ADCA /* MainViewController.swift in Sources */ = {isa = PBXBuildFile; fileRef = FB3208082818286E00F1ADCA /* MainViewController.swift */; };
		FB3754AB28214F2000882338 /* MnemonicViewController.swift in Sources */ = {isa = PBXBuildFile; fileRef = FB3754AA28214F2000882338 /* MnemonicViewController.swift */; };
		FB3754AF2821511900882338 /* MnemonicCollectionViewCell.swift in Sources */ = {isa = PBXBuildFile; fileRef = FB3754AD2821511900882338 /* MnemonicCollectionViewCell.swift */; };
		FB3754B02821511900882338 /* MnemonicCollectionViewCell.xib in Resources */ = {isa = PBXBuildFile; fileRef = FB3754AE2821511900882338 /* MnemonicCollectionViewCell.xib */; };
		FB3754B22821BE8F00882338 /* VerifyMnemonicViewController.swift in Sources */ = {isa = PBXBuildFile; fileRef = FB3754B12821BE8F00882338 /* VerifyMnemonicViewController.swift */; };
		FB383FE7281BE1C700939B6D /* CustomSwitch.swift in Sources */ = {isa = PBXBuildFile; fileRef = FB383FE6281BE1C700939B6D /* CustomSwitch.swift */; };
		FB3BC16E282C0BD2001B539E /* GetTokenViewController.swift in Sources */ = {isa = PBXBuildFile; fileRef = FB3BC16D282C0BD2001B539E /* GetTokenViewController.swift */; };
		FB42B6E72833E91C0022A8FB /* SupportViewController.swift in Sources */ = {isa = PBXBuildFile; fileRef = FB42B6E62833E91C0022A8FB /* SupportViewController.swift */; };
		FB5940352816856700037DFA /* AppDelegate.swift in Sources */ = {isa = PBXBuildFile; fileRef = FB5940342816856700037DFA /* AppDelegate.swift */; };
		FB5940372816856700037DFA /* SceneDelegate.swift in Sources */ = {isa = PBXBuildFile; fileRef = FB5940362816856700037DFA /* SceneDelegate.swift */; };
		FB5940392816856700037DFA /* SelectLanguageViewController.swift in Sources */ = {isa = PBXBuildFile; fileRef = FB5940382816856700037DFA /* SelectLanguageViewController.swift */; };
		FB59403C2816856700037DFA /* Main.storyboard in Resources */ = {isa = PBXBuildFile; fileRef = FB59403A2816856700037DFA /* Main.storyboard */; };
		FB59403F2816856700037DFA /* GreenWallet.xcdatamodeld in Sources */ = {isa = PBXBuildFile; fileRef = FB59403D2816856700037DFA /* GreenWallet.xcdatamodeld */; };
		FB5940412816856A00037DFA /* Assets.xcassets in Resources */ = {isa = PBXBuildFile; fileRef = FB5940402816856A00037DFA /* Assets.xcassets */; };
		FB5940442816856A00037DFA /* LaunchScreen.storyboard in Resources */ = {isa = PBXBuildFile; fileRef = FB5940422816856A00037DFA /* LaunchScreen.storyboard */; };
		FB59404C281694DD00037DFA /* TermsOfUseViewController.swift in Sources */ = {isa = PBXBuildFile; fileRef = FB59404B281694DD00037DFA /* TermsOfUseViewController.swift */; };
		FB5940532816AC8800037DFA /* Extensions.swift in Sources */ = {isa = PBXBuildFile; fileRef = FB5940522816AC8800037DFA /* Extensions.swift */; };
		FB5940552816AEF400037DFA /* CustomClasses.swift in Sources */ = {isa = PBXBuildFile; fileRef = FB5940542816AEF400037DFA /* CustomClasses.swift */; };
		FB5947492823D8DD00C74E73 /* ImportMnemonicViewController.swift in Sources */ = {isa = PBXBuildFile; fileRef = FB5947482823D8DD00C74E73 /* ImportMnemonicViewController.swift */; };
		FB59474C2823FCAF00C74E73 /* ImportMnemonicCollectionViewCell.swift in Sources */ = {isa = PBXBuildFile; fileRef = FB59474A2823FCAD00C74E73 /* ImportMnemonicCollectionViewCell.swift */; };
		FB59474D2823FCAF00C74E73 /* ImportMnemonicCollectionViewCell.xib in Resources */ = {isa = PBXBuildFile; fileRef = FB59474B2823FCAF00C74E73 /* ImportMnemonicCollectionViewCell.xib */; };
		FB6A2A3128226E36008DD449 /* AllertWalletViewController.swift in Sources */ = {isa = PBXBuildFile; fileRef = FB6A2A2F28226E36008DD449 /* AllertWalletViewController.swift */; };
		FB6A2A342822995C008DD449 /* AlertService.swift in Sources */ = {isa = PBXBuildFile; fileRef = FB6A2A332822995C008DD449 /* AlertService.swift */; };
		FB6A2A3628229A9C008DD449 /* Alert.storyboard in Resources */ = {isa = PBXBuildFile; fileRef = FB6A2A3528229A9C008DD449 /* Alert.storyboard */; };
		FB6D93DC2834F1E200B11E80 /* AllWalletsTableViewCell.swift in Sources */ = {isa = PBXBuildFile; fileRef = FB6D93DA2834F1E200B11E80 /* AllWalletsTableViewCell.swift */; };
		FB6D93DD2834F1E200B11E80 /* AllWalletsTableViewCell.xib in Resources */ = {isa = PBXBuildFile; fileRef = FB6D93DB2834F1E200B11E80 /* AllWalletsTableViewCell.xib */; };
		FB6D93E02834F40500B11E80 /* AddWalletTableViewCell.swift in Sources */ = {isa = PBXBuildFile; fileRef = FB6D93DE2834F40500B11E80 /* AddWalletTableViewCell.swift */; };
		FB6D93E12834F40500B11E80 /* AddWalletTableViewCell.xib in Resources */ = {isa = PBXBuildFile; fileRef = FB6D93DF2834F40500B11E80 /* AddWalletTableViewCell.xib */; };
		FB6D93E32834F53100B11E80 /* AllWalletsViewController.swift in Sources */ = {isa = PBXBuildFile; fileRef = FB6D93E22834F53100B11E80 /* AllWalletsViewController.swift */; };
		FB79E94A2847672F0093C180 /* ContactsViewController.swift in Sources */ = {isa = PBXBuildFile; fileRef = FB79E9492847672F0093C180 /* ContactsViewController.swift */; };
		FB79E94C284767400093C180 /* AddContactViewController.swift in Sources */ = {isa = PBXBuildFile; fileRef = FB79E94B284767400093C180 /* AddContactViewController.swift */; };
		FB79E94F2847676E0093C180 /* ContactTableViewCell.swift in Sources */ = {isa = PBXBuildFile; fileRef = FB79E94D2847676E0093C180 /* ContactTableViewCell.swift */; };
		FB79E9502847676E0093C180 /* ContactTableViewCell.xib in Resources */ = {isa = PBXBuildFile; fileRef = FB79E94E2847676E0093C180 /* ContactTableViewCell.xib */; };
		FB7A88682833B310005D05D8 /* qrCollectionViewCell.swift in Sources */ = {isa = PBXBuildFile; fileRef = FB7A88662833B310005D05D8 /* qrCollectionViewCell.swift */; };
		FB7A88692833B310005D05D8 /* qrCollectionViewCell.xib in Resources */ = {isa = PBXBuildFile; fileRef = FB7A88672833B310005D05D8 /* qrCollectionViewCell.xib */; };
		FB85BA3E283CCB210068E9DE /* TimeManager.swift in Sources */ = {isa = PBXBuildFile; fileRef = FB85BA3D283CCB210068E9DE /* TimeManager.swift */; };
		FB85BA40283CCC470068E9DE /* GreatingViewController.swift in Sources */ = {isa = PBXBuildFile; fileRef = FB85BA3F283CCC470068E9DE /* GreatingViewController.swift */; };
		FB87F341284A057D009F896C /* AlertManager.swift in Sources */ = {isa = PBXBuildFile; fileRef = FB87F340284A057D009F896C /* AlertManager.swift */; };
		FB8BF8DB282FFDF70067CD0B /* QRScanViewController.swift in Sources */ = {isa = PBXBuildFile; fileRef = FB8BF8DA282FFDF70067CD0B /* QRScanViewController.swift */; };
		FB8EAC1F282FC8B4007244C1 /* PasswordViewController.swift in Sources */ = {isa = PBXBuildFile; fileRef = FB8EAC1E282FC8B4007244C1 /* PasswordViewController.swift */; };
		FB90380F282D52EE004023F5 /* PushTokensViewController.swift in Sources */ = {isa = PBXBuildFile; fileRef = FB90380E282D52EE004023F5 /* PushTokensViewController.swift */; };
		FB903811282D60DA004023F5 /* WalletManager.swift in Sources */ = {isa = PBXBuildFile; fileRef = FB903810282D60DA004023F5 /* WalletManager.swift */; };
		FB94C6FA2840C21500FF4686 /* CustomMainCollectionView.swift in Sources */ = {isa = PBXBuildFile; fileRef = FB94C6F92840C21500FF4686 /* CustomMainCollectionView.swift */; };
		FB96DB6E2844D0850018EC2A /* TransictionFilterCollectionViewCell.swift in Sources */ = {isa = PBXBuildFile; fileRef = FB96DB6C2844D0850018EC2A /* TransictionFilterCollectionViewCell.swift */; };
		FB96DB6F2844D0850018EC2A /* TransictionFilterCollectionViewCell.xib in Resources */ = {isa = PBXBuildFile; fileRef = FB96DB6D2844D0850018EC2A /* TransictionFilterCollectionViewCell.xib */; };
		FB98D0CE283F850500885E73 /* LocalizationManager.swift in Sources */ = {isa = PBXBuildFile; fileRef = FB98D0CD283F850500885E73 /* LocalizationManager.swift */; };
		FB9A982C283776B20018BBFA /* TransitionsTableViewCell.swift in Sources */ = {isa = PBXBuildFile; fileRef = FB9A982A283776B20018BBFA /* TransitionsTableViewCell.swift */; };
		FB9A982D283776B20018BBFA /* TransitionsTableViewCell.xib in Resources */ = {isa = PBXBuildFile; fileRef = FB9A982B283776B20018BBFA /* TransitionsTableViewCell.xib */; };
		FBB49A492824DE3800250553 /* SpinnerView.swift in Sources */ = {isa = PBXBuildFile; fileRef = FBB49A482824DE3800250553 /* SpinnerView.swift */; };
		FBB49A4B2824DEA700250553 /* spinner.storyboard in Resources */ = {isa = PBXBuildFile; fileRef = FBB49A4A2824DEA700250553 /* spinner.storyboard */; };
		FBB49A4D2824E1A600250553 /* SprinnerViewController.swift in Sources */ = {isa = PBXBuildFile; fileRef = FBB49A4C2824E1A600250553 /* SprinnerViewController.swift */; };
		FBB682E2283E4A3E00CC5959 /* CoreDataManager.swift in Sources */ = {isa = PBXBuildFile; fileRef = FBB682E1283E4A3E00CC5959 /* CoreDataManager.swift */; };
		FBB9CF6128365EA70094742E /* MyWalletsViewController.swift in Sources */ = {isa = PBXBuildFile; fileRef = FBB9CF6028365EA70094742E /* MyWalletsViewController.swift */; };
		FBB9CF642836604D0094742E /* MyWalletCollectionViewCell.swift in Sources */ = {isa = PBXBuildFile; fileRef = FBB9CF622836604D0094742E /* MyWalletCollectionViewCell.swift */; };
		FBB9CF652836604D0094742E /* MyWalletCollectionViewCell.xib in Resources */ = {isa = PBXBuildFile; fileRef = FBB9CF632836604D0094742E /* MyWalletCollectionViewCell.xib */; };
		FBB9CF68283673500094742E /* MyWalletsButtonsCollectionViewCell.swift in Sources */ = {isa = PBXBuildFile; fileRef = FBB9CF66283673500094742E /* MyWalletsButtonsCollectionViewCell.swift */; };
		FBB9CF69283673500094742E /* MyWalletsButtonsCollectionViewCell.xib in Resources */ = {isa = PBXBuildFile; fileRef = FBB9CF67283673500094742E /* MyWalletsButtonsCollectionViewCell.xib */; };
		FBB9CF6C283677320094742E /* MyWalletDetailCollectionViewCell.swift in Sources */ = {isa = PBXBuildFile; fileRef = FBB9CF6A283677320094742E /* MyWalletDetailCollectionViewCell.swift */; };
		FBB9CF6D283677320094742E /* MyWalletDetailCollectionViewCell.xib in Resources */ = {isa = PBXBuildFile; fileRef = FBB9CF6B283677320094742E /* MyWalletDetailCollectionViewCell.xib */; };
		FBBECA8B2832CF250042D1B8 /* mCollectionViewCell.swift in Sources */ = {isa = PBXBuildFile; fileRef = FBBECA892832CF250042D1B8 /* mCollectionViewCell.swift */; };
		FBBECA8C2832CF250042D1B8 /* mCollectionViewCell.xib in Resources */ = {isa = PBXBuildFile; fileRef = FBBECA8A2832CF250042D1B8 /* mCollectionViewCell.xib */; };
		FBC4AB752836A5AA00566683 /* TransactionHistoryViewController.swift in Sources */ = {isa = PBXBuildFile; fileRef = FBC4AB742836A5AA00566683 /* TransactionHistoryViewController.swift */; };
		FBD1CCAA283B90570081AF3E /* KeyChainManager.swift in Sources */ = {isa = PBXBuildFile; fileRef = FBD1CCA9283B90570081AF3E /* KeyChainManager.swift */; };
		FBD63A44283B7460006CE0A8 /* PasswordStoryboard.storyboard in Resources */ = {isa = PBXBuildFile; fileRef = FBD63A43283B745F006CE0A8 /* PasswordStoryboard.storyboard */; };
		FBFE5773281AAB040016E74A /* SettingsViewController.swift in Sources */ = {isa = PBXBuildFile; fileRef = FBFE5772281AAB040016E74A /* SettingsViewController.swift */; };
		FBFE577B281AB9250016E74A /* ThemesTableViewCell.swift in Sources */ = {isa = PBXBuildFile; fileRef = FBFE5779281AB9250016E74A /* ThemesTableViewCell.swift */; };
		FBFE577C281AB9250016E74A /* ThemesTableViewCell.xib in Resources */ = {isa = PBXBuildFile; fileRef = FBFE577A281AB9250016E74A /* ThemesTableViewCell.xib */; };
		FBFE5781281ABE2D0016E74A /* SecureBalanceTableViewCell.swift in Sources */ = {isa = PBXBuildFile; fileRef = FBFE577F281ABE2D0016E74A /* SecureBalanceTableViewCell.swift */; };
		FBFE578A281AC2B70016E74A /* SupportTableViewCell.swift in Sources */ = {isa = PBXBuildFile; fileRef = FBFE5788281AC2B70016E74A /* SupportTableViewCell.swift */; };
		FBFE578B281AC2B70016E74A /* SupportTableViewCell.xib in Resources */ = {isa = PBXBuildFile; fileRef = FBFE5789281AC2B70016E74A /* SupportTableViewCell.xib */; };
		FBFE578F281AC4050016E74A /* PushAndAllSettingsTableViewCell.swift in Sources */ = {isa = PBXBuildFile; fileRef = FBFE578D281AC4050016E74A /* PushAndAllSettingsTableViewCell.swift */; };
		FBFE5790281AC4060016E74A /* PushAndAllSettingsTableViewCell.xib in Resources */ = {isa = PBXBuildFile; fileRef = FBFE578E281AC4050016E74A /* PushAndAllSettingsTableViewCell.xib */; };
		FBFE5793281AE8C60016E74A /* SecureBalanceTableViewCell.xib in Resources */ = {isa = PBXBuildFile; fileRef = FBFE5792281AE8C60016E74A /* SecureBalanceTableViewCell.xib */; };
		FBFE5795281AF4F90016E74A /* AllSettingsViewController.swift in Sources */ = {isa = PBXBuildFile; fileRef = FBFE5794281AF4F90016E74A /* AllSettingsViewController.swift */; };
		FBFE5797281B121B0016E74A /* UserDefaultsManager.swift in Sources */ = {isa = PBXBuildFile; fileRef = FBFE5796281B121A0016E74A /* UserDefaultsManager.swift */; };
		FBFE579A281B269E0016E74A /* LanguageTableViewCell.swift in Sources */ = {isa = PBXBuildFile; fileRef = FBFE5798281B269E0016E74A /* LanguageTableViewCell.swift */; };
		FBFE579E281B28880016E74A /* LanguageViewController.swift in Sources */ = {isa = PBXBuildFile; fileRef = FBFE579D281B28880016E74A /* LanguageViewController.swift */; };
		FBFE57A2281B2EDD0016E74A /* LanguageTableViewCell.xib in Resources */ = {isa = PBXBuildFile; fileRef = FBFE57A1281B2EDD0016E74A /* LanguageTableViewCell.xib */; };
		FBFE57A4281B4AFE0016E74A /* InfoViewController.swift in Sources */ = {isa = PBXBuildFile; fileRef = FBFE57A3281B4AFE0016E74A /* InfoViewController.swift */; };
/* End PBXBuildFile section */

/* Begin PBXFileReference section */
		E8E3D1CD28ED67C02EEC1172 /* Pods-GreenWallet.debug.xcconfig */ = {isa = PBXFileReference; includeInIndex = 1; lastKnownFileType = text.xcconfig; name = "Pods-GreenWallet.debug.xcconfig"; path = "Target Support Files/Pods-GreenWallet/Pods-GreenWallet.debug.xcconfig"; sourceTree = "<group>"; };
		ED23606911404945CE9F819D /* Pods_GreenWallet.framework */ = {isa = PBXFileReference; explicitFileType = wrapper.framework; includeInIndex = 0; path = Pods_GreenWallet.framework; sourceTree = BUILT_PRODUCTS_DIR; };
		FB0883DB281BE21F001D4317 /* CustomThumbView.swift */ = {isa = PBXFileReference; lastKnownFileType = sourcecode.swift; path = CustomThumbView.swift; sourceTree = "<group>"; };
		FB0FCA6128193CCC00BB0527 /* ImportTableViewCell.swift */ = {isa = PBXFileReference; lastKnownFileType = sourcecode.swift; path = ImportTableViewCell.swift; sourceTree = "<group>"; };
		FB0FCA6228193CCC00BB0527 /* ImportTableViewCell.xib */ = {isa = PBXFileReference; lastKnownFileType = file.xib; path = ImportTableViewCell.xib; sourceTree = "<group>"; };
		FB0FCA6528194D4300BB0527 /* SelectSystemViewController.swift */ = {isa = PBXFileReference; lastKnownFileType = sourcecode.swift; path = SelectSystemViewController.swift; sourceTree = "<group>"; };
		FB0FCA6B2819600400BB0527 /* SelectSystemTableViewCell.swift */ = {isa = PBXFileReference; lastKnownFileType = sourcecode.swift; path = SelectSystemTableViewCell.swift; sourceTree = "<group>"; };
		FB0FCA6C2819600400BB0527 /* SelectSystemTableViewCell.xib */ = {isa = PBXFileReference; lastKnownFileType = file.xib; path = SelectSystemTableViewCell.xib; sourceTree = "<group>"; };
		FB0FCA6F2819629D00BB0527 /* Models.swift */ = {isa = PBXFileReference; lastKnownFileType = sourcecode.swift; path = Models.swift; sourceTree = "<group>"; xcLanguageSpecificationIdentifier = xcode.lang.swift; };
		FB0FCA7128197A4000BB0527 /* ImportTokensTableViewCell.swift */ = {isa = PBXFileReference; lastKnownFileType = sourcecode.swift; path = ImportTokensTableViewCell.swift; sourceTree = "<group>"; };
		FB0FCA7228197A4000BB0527 /* ImportTokensTableViewCell.xib */ = {isa = PBXFileReference; lastKnownFileType = file.xib; path = ImportTokensTableViewCell.xib; sourceTree = "<group>"; };
		FB0FCA7528197B4800BB0527 /* ImportTokensViewController.swift */ = {isa = PBXFileReference; lastKnownFileType = sourcecode.swift; path = ImportTokensViewController.swift; sourceTree = "<group>"; };
		FB16685D283E21D000155670 /* NetworkManager.swift */ = {isa = PBXFileReference; lastKnownFileType = sourcecode.swift; path = NetworkManager.swift; sourceTree = "<group>"; };
		FB2F368F28206ACB007576FE /* NewWalletViewController.swift */ = {isa = PBXFileReference; lastKnownFileType = sourcecode.swift; path = NewWalletViewController.swift; sourceTree = "<group>"; };
		FB2F369128207BC0007576FE /* CreatingViewController.swift */ = {isa = PBXFileReference; lastKnownFileType = sourcecode.swift; path = CreatingViewController.swift; sourceTree = "<group>"; };
		FB2F369328208286007576FE /* MainTabBarController.swift */ = {isa = PBXFileReference; lastKnownFileType = sourcecode.swift; path = MainTabBarController.swift; sourceTree = "<group>"; };
		FB3207F72818018F00F1ADCA /* BalanceTableViewCell.swift */ = {isa = PBXFileReference; lastKnownFileType = sourcecode.swift; path = BalanceTableViewCell.swift; sourceTree = "<group>"; };
		FB3207F82818018F00F1ADCA /* BalanceTableViewCell.xib */ = {isa = PBXFileReference; lastKnownFileType = file.xib; path = BalanceTableViewCell.xib; sourceTree = "<group>"; };
		FB3208082818286E00F1ADCA /* MainViewController.swift */ = {isa = PBXFileReference; lastKnownFileType = sourcecode.swift; path = MainViewController.swift; sourceTree = "<group>"; };
		FB3754AA28214F2000882338 /* MnemonicViewController.swift */ = {isa = PBXFileReference; lastKnownFileType = sourcecode.swift; path = MnemonicViewController.swift; sourceTree = "<group>"; };
		FB3754AD2821511900882338 /* MnemonicCollectionViewCell.swift */ = {isa = PBXFileReference; lastKnownFileType = sourcecode.swift; path = MnemonicCollectionViewCell.swift; sourceTree = "<group>"; };
		FB3754AE2821511900882338 /* MnemonicCollectionViewCell.xib */ = {isa = PBXFileReference; lastKnownFileType = file.xib; path = MnemonicCollectionViewCell.xib; sourceTree = "<group>"; };
		FB3754B12821BE8F00882338 /* VerifyMnemonicViewController.swift */ = {isa = PBXFileReference; lastKnownFileType = sourcecode.swift; path = VerifyMnemonicViewController.swift; sourceTree = "<group>"; };
		FB383FE6281BE1C700939B6D /* CustomSwitch.swift */ = {isa = PBXFileReference; lastKnownFileType = sourcecode.swift; path = CustomSwitch.swift; sourceTree = "<group>"; };
		FB3BC16D282C0BD2001B539E /* GetTokenViewController.swift */ = {isa = PBXFileReference; lastKnownFileType = sourcecode.swift; path = GetTokenViewController.swift; sourceTree = "<group>"; };
		FB42B6E62833E91C0022A8FB /* SupportViewController.swift */ = {isa = PBXFileReference; lastKnownFileType = sourcecode.swift; path = SupportViewController.swift; sourceTree = "<group>"; };
		FB5940312816856700037DFA /* GreenWallet.app */ = {isa = PBXFileReference; explicitFileType = wrapper.application; includeInIndex = 0; path = GreenWallet.app; sourceTree = BUILT_PRODUCTS_DIR; };
		FB5940342816856700037DFA /* AppDelegate.swift */ = {isa = PBXFileReference; lastKnownFileType = sourcecode.swift; path = AppDelegate.swift; sourceTree = "<group>"; };
		FB5940362816856700037DFA /* SceneDelegate.swift */ = {isa = PBXFileReference; lastKnownFileType = sourcecode.swift; path = SceneDelegate.swift; sourceTree = "<group>"; };
		FB5940382816856700037DFA /* SelectLanguageViewController.swift */ = {isa = PBXFileReference; lastKnownFileType = sourcecode.swift; path = SelectLanguageViewController.swift; sourceTree = "<group>"; };
		FB59403B2816856700037DFA /* Base */ = {isa = PBXFileReference; lastKnownFileType = file.storyboard; name = Base; path = Base.lproj/Main.storyboard; sourceTree = "<group>"; };
		FB59403E2816856700037DFA /* GreenWallet.xcdatamodel */ = {isa = PBXFileReference; lastKnownFileType = wrapper.xcdatamodel; path = GreenWallet.xcdatamodel; sourceTree = "<group>"; };
		FB5940402816856A00037DFA /* Assets.xcassets */ = {isa = PBXFileReference; lastKnownFileType = folder.assetcatalog; path = Assets.xcassets; sourceTree = "<group>"; };
		FB5940432816856A00037DFA /* Base */ = {isa = PBXFileReference; lastKnownFileType = file.storyboard; name = Base; path = Base.lproj/LaunchScreen.storyboard; sourceTree = "<group>"; };
		FB5940452816856A00037DFA /* Info.plist */ = {isa = PBXFileReference; lastKnownFileType = text.plist.xml; path = Info.plist; sourceTree = "<group>"; };
		FB59404B281694DD00037DFA /* TermsOfUseViewController.swift */ = {isa = PBXFileReference; lastKnownFileType = sourcecode.swift; path = TermsOfUseViewController.swift; sourceTree = "<group>"; };
		FB5940522816AC8800037DFA /* Extensions.swift */ = {isa = PBXFileReference; lastKnownFileType = sourcecode.swift; path = Extensions.swift; sourceTree = "<group>"; };
		FB5940542816AEF400037DFA /* CustomClasses.swift */ = {isa = PBXFileReference; lastKnownFileType = sourcecode.swift; path = CustomClasses.swift; sourceTree = "<group>"; };
		FB5947482823D8DD00C74E73 /* ImportMnemonicViewController.swift */ = {isa = PBXFileReference; lastKnownFileType = sourcecode.swift; path = ImportMnemonicViewController.swift; sourceTree = "<group>"; };
		FB59474A2823FCAD00C74E73 /* ImportMnemonicCollectionViewCell.swift */ = {isa = PBXFileReference; lastKnownFileType = sourcecode.swift; path = ImportMnemonicCollectionViewCell.swift; sourceTree = "<group>"; };
		FB59474B2823FCAF00C74E73 /* ImportMnemonicCollectionViewCell.xib */ = {isa = PBXFileReference; lastKnownFileType = file.xib; path = ImportMnemonicCollectionViewCell.xib; sourceTree = "<group>"; };
		FB6A2A2F28226E36008DD449 /* AllertWalletViewController.swift */ = {isa = PBXFileReference; lastKnownFileType = sourcecode.swift; path = AllertWalletViewController.swift; sourceTree = "<group>"; };
		FB6A2A332822995C008DD449 /* AlertService.swift */ = {isa = PBXFileReference; lastKnownFileType = sourcecode.swift; path = AlertService.swift; sourceTree = "<group>"; };
		FB6A2A3528229A9C008DD449 /* Alert.storyboard */ = {isa = PBXFileReference; lastKnownFileType = file.storyboard; path = Alert.storyboard; sourceTree = "<group>"; };
		FB6D93DA2834F1E200B11E80 /* AllWalletsTableViewCell.swift */ = {isa = PBXFileReference; lastKnownFileType = sourcecode.swift; path = AllWalletsTableViewCell.swift; sourceTree = "<group>"; };
		FB6D93DB2834F1E200B11E80 /* AllWalletsTableViewCell.xib */ = {isa = PBXFileReference; lastKnownFileType = file.xib; path = AllWalletsTableViewCell.xib; sourceTree = "<group>"; };
		FB6D93DE2834F40500B11E80 /* AddWalletTableViewCell.swift */ = {isa = PBXFileReference; lastKnownFileType = sourcecode.swift; path = AddWalletTableViewCell.swift; sourceTree = "<group>"; };
		FB6D93DF2834F40500B11E80 /* AddWalletTableViewCell.xib */ = {isa = PBXFileReference; lastKnownFileType = file.xib; path = AddWalletTableViewCell.xib; sourceTree = "<group>"; };
		FB6D93E22834F53100B11E80 /* AllWalletsViewController.swift */ = {isa = PBXFileReference; lastKnownFileType = sourcecode.swift; path = AllWalletsViewController.swift; sourceTree = "<group>"; };
		FB79E9492847672F0093C180 /* ContactsViewController.swift */ = {isa = PBXFileReference; lastKnownFileType = sourcecode.swift; path = ContactsViewController.swift; sourceTree = "<group>"; };
		FB79E94B284767400093C180 /* AddContactViewController.swift */ = {isa = PBXFileReference; lastKnownFileType = sourcecode.swift; path = AddContactViewController.swift; sourceTree = "<group>"; };
		FB79E94D2847676E0093C180 /* ContactTableViewCell.swift */ = {isa = PBXFileReference; lastKnownFileType = sourcecode.swift; path = ContactTableViewCell.swift; sourceTree = "<group>"; };
		FB79E94E2847676E0093C180 /* ContactTableViewCell.xib */ = {isa = PBXFileReference; lastKnownFileType = file.xib; path = ContactTableViewCell.xib; sourceTree = "<group>"; };
		FB7A88662833B310005D05D8 /* qrCollectionViewCell.swift */ = {isa = PBXFileReference; lastKnownFileType = sourcecode.swift; path = qrCollectionViewCell.swift; sourceTree = "<group>"; };
		FB7A88672833B310005D05D8 /* qrCollectionViewCell.xib */ = {isa = PBXFileReference; lastKnownFileType = file.xib; path = qrCollectionViewCell.xib; sourceTree = "<group>"; };
		FB85BA3D283CCB210068E9DE /* TimeManager.swift */ = {isa = PBXFileReference; lastKnownFileType = sourcecode.swift; path = TimeManager.swift; sourceTree = "<group>"; };
		FB85BA3F283CCC470068E9DE /* GreatingViewController.swift */ = {isa = PBXFileReference; lastKnownFileType = sourcecode.swift; path = GreatingViewController.swift; sourceTree = "<group>"; };
		FB87F340284A057D009F896C /* AlertManager.swift */ = {isa = PBXFileReference; lastKnownFileType = sourcecode.swift; path = AlertManager.swift; sourceTree = "<group>"; };
		FB8BF8DA282FFDF70067CD0B /* QRScanViewController.swift */ = {isa = PBXFileReference; lastKnownFileType = sourcecode.swift; path = QRScanViewController.swift; sourceTree = "<group>"; };
		FB8EAC1E282FC8B4007244C1 /* PasswordViewController.swift */ = {isa = PBXFileReference; lastKnownFileType = sourcecode.swift; path = PasswordViewController.swift; sourceTree = "<group>"; };
		FB90380E282D52EE004023F5 /* PushTokensViewController.swift */ = {isa = PBXFileReference; lastKnownFileType = sourcecode.swift; path = PushTokensViewController.swift; sourceTree = "<group>"; };
		FB903810282D60DA004023F5 /* WalletManager.swift */ = {isa = PBXFileReference; lastKnownFileType = sourcecode.swift; path = WalletManager.swift; sourceTree = "<group>"; };
		FB94C6F92840C21500FF4686 /* CustomMainCollectionView.swift */ = {isa = PBXFileReference; lastKnownFileType = sourcecode.swift; path = CustomMainCollectionView.swift; sourceTree = "<group>"; };
		FB96DB6C2844D0850018EC2A /* TransictionFilterCollectionViewCell.swift */ = {isa = PBXFileReference; lastKnownFileType = sourcecode.swift; path = TransictionFilterCollectionViewCell.swift; sourceTree = "<group>"; };
		FB96DB6D2844D0850018EC2A /* TransictionFilterCollectionViewCell.xib */ = {isa = PBXFileReference; lastKnownFileType = file.xib; path = TransictionFilterCollectionViewCell.xib; sourceTree = "<group>"; };
		FB98D0CD283F850500885E73 /* LocalizationManager.swift */ = {isa = PBXFileReference; lastKnownFileType = sourcecode.swift; path = LocalizationManager.swift; sourceTree = "<group>"; };
		FB9A982A283776B20018BBFA /* TransitionsTableViewCell.swift */ = {isa = PBXFileReference; lastKnownFileType = sourcecode.swift; path = TransitionsTableViewCell.swift; sourceTree = "<group>"; };
		FB9A982B283776B20018BBFA /* TransitionsTableViewCell.xib */ = {isa = PBXFileReference; lastKnownFileType = file.xib; path = TransitionsTableViewCell.xib; sourceTree = "<group>"; };
		FBB49A482824DE3800250553 /* SpinnerView.swift */ = {isa = PBXFileReference; lastKnownFileType = sourcecode.swift; path = SpinnerView.swift; sourceTree = "<group>"; };
		FBB49A4A2824DEA700250553 /* spinner.storyboard */ = {isa = PBXFileReference; lastKnownFileType = file.storyboard; path = spinner.storyboard; sourceTree = "<group>"; };
		FBB49A4C2824E1A600250553 /* SprinnerViewController.swift */ = {isa = PBXFileReference; lastKnownFileType = sourcecode.swift; path = SprinnerViewController.swift; sourceTree = "<group>"; };
		FBB682E1283E4A3E00CC5959 /* CoreDataManager.swift */ = {isa = PBXFileReference; lastKnownFileType = sourcecode.swift; path = CoreDataManager.swift; sourceTree = "<group>"; };
		FBB9CF6028365EA70094742E /* MyWalletsViewController.swift */ = {isa = PBXFileReference; lastKnownFileType = sourcecode.swift; path = MyWalletsViewController.swift; sourceTree = "<group>"; };
		FBB9CF622836604D0094742E /* MyWalletCollectionViewCell.swift */ = {isa = PBXFileReference; lastKnownFileType = sourcecode.swift; path = MyWalletCollectionViewCell.swift; sourceTree = "<group>"; };
		FBB9CF632836604D0094742E /* MyWalletCollectionViewCell.xib */ = {isa = PBXFileReference; lastKnownFileType = file.xib; path = MyWalletCollectionViewCell.xib; sourceTree = "<group>"; };
		FBB9CF66283673500094742E /* MyWalletsButtonsCollectionViewCell.swift */ = {isa = PBXFileReference; lastKnownFileType = sourcecode.swift; path = MyWalletsButtonsCollectionViewCell.swift; sourceTree = "<group>"; };
		FBB9CF67283673500094742E /* MyWalletsButtonsCollectionViewCell.xib */ = {isa = PBXFileReference; lastKnownFileType = file.xib; path = MyWalletsButtonsCollectionViewCell.xib; sourceTree = "<group>"; };
		FBB9CF6A283677320094742E /* MyWalletDetailCollectionViewCell.swift */ = {isa = PBXFileReference; lastKnownFileType = sourcecode.swift; path = MyWalletDetailCollectionViewCell.swift; sourceTree = "<group>"; };
		FBB9CF6B283677320094742E /* MyWalletDetailCollectionViewCell.xib */ = {isa = PBXFileReference; lastKnownFileType = file.xib; path = MyWalletDetailCollectionViewCell.xib; sourceTree = "<group>"; };
		FBBECA892832CF250042D1B8 /* mCollectionViewCell.swift */ = {isa = PBXFileReference; lastKnownFileType = sourcecode.swift; path = mCollectionViewCell.swift; sourceTree = "<group>"; };
		FBBECA8A2832CF250042D1B8 /* mCollectionViewCell.xib */ = {isa = PBXFileReference; lastKnownFileType = file.xib; path = mCollectionViewCell.xib; sourceTree = "<group>"; };
		FBC4AB742836A5AA00566683 /* TransactionHistoryViewController.swift */ = {isa = PBXFileReference; lastKnownFileType = sourcecode.swift; path = TransactionHistoryViewController.swift; sourceTree = "<group>"; };
		FBD1CCA9283B90570081AF3E /* KeyChainManager.swift */ = {isa = PBXFileReference; lastKnownFileType = sourcecode.swift; path = KeyChainManager.swift; sourceTree = "<group>"; };
		FBD63A43283B745F006CE0A8 /* PasswordStoryboard.storyboard */ = {isa = PBXFileReference; lastKnownFileType = file.storyboard; path = PasswordStoryboard.storyboard; sourceTree = "<group>"; };
		FBFE5772281AAB040016E74A /* SettingsViewController.swift */ = {isa = PBXFileReference; lastKnownFileType = sourcecode.swift; path = SettingsViewController.swift; sourceTree = "<group>"; };
		FBFE5779281AB9250016E74A /* ThemesTableViewCell.swift */ = {isa = PBXFileReference; lastKnownFileType = sourcecode.swift; path = ThemesTableViewCell.swift; sourceTree = "<group>"; };
		FBFE577A281AB9250016E74A /* ThemesTableViewCell.xib */ = {isa = PBXFileReference; lastKnownFileType = file.xib; path = ThemesTableViewCell.xib; sourceTree = "<group>"; };
		FBFE577F281ABE2D0016E74A /* SecureBalanceTableViewCell.swift */ = {isa = PBXFileReference; lastKnownFileType = sourcecode.swift; path = SecureBalanceTableViewCell.swift; sourceTree = "<group>"; };
		FBFE5788281AC2B70016E74A /* SupportTableViewCell.swift */ = {isa = PBXFileReference; lastKnownFileType = sourcecode.swift; path = SupportTableViewCell.swift; sourceTree = "<group>"; };
		FBFE5789281AC2B70016E74A /* SupportTableViewCell.xib */ = {isa = PBXFileReference; lastKnownFileType = file.xib; path = SupportTableViewCell.xib; sourceTree = "<group>"; };
		FBFE578D281AC4050016E74A /* PushAndAllSettingsTableViewCell.swift */ = {isa = PBXFileReference; lastKnownFileType = sourcecode.swift; path = PushAndAllSettingsTableViewCell.swift; sourceTree = "<group>"; };
		FBFE578E281AC4050016E74A /* PushAndAllSettingsTableViewCell.xib */ = {isa = PBXFileReference; lastKnownFileType = file.xib; path = PushAndAllSettingsTableViewCell.xib; sourceTree = "<group>"; };
		FBFE5792281AE8C60016E74A /* SecureBalanceTableViewCell.xib */ = {isa = PBXFileReference; lastKnownFileType = file.xib; path = SecureBalanceTableViewCell.xib; sourceTree = "<group>"; };
		FBFE5794281AF4F90016E74A /* AllSettingsViewController.swift */ = {isa = PBXFileReference; lastKnownFileType = sourcecode.swift; path = AllSettingsViewController.swift; sourceTree = "<group>"; };
		FBFE5796281B121A0016E74A /* UserDefaultsManager.swift */ = {isa = PBXFileReference; lastKnownFileType = sourcecode.swift; path = UserDefaultsManager.swift; sourceTree = "<group>"; };
		FBFE5798281B269E0016E74A /* LanguageTableViewCell.swift */ = {isa = PBXFileReference; lastKnownFileType = sourcecode.swift; path = LanguageTableViewCell.swift; sourceTree = "<group>"; };
		FBFE579D281B28880016E74A /* LanguageViewController.swift */ = {isa = PBXFileReference; lastKnownFileType = sourcecode.swift; path = LanguageViewController.swift; sourceTree = "<group>"; };
		FBFE57A1281B2EDD0016E74A /* LanguageTableViewCell.xib */ = {isa = PBXFileReference; lastKnownFileType = file.xib; path = LanguageTableViewCell.xib; sourceTree = "<group>"; };
		FBFE57A3281B4AFE0016E74A /* InfoViewController.swift */ = {isa = PBXFileReference; lastKnownFileType = sourcecode.swift; path = InfoViewController.swift; sourceTree = "<group>"; };
		FEA55796C3E3CCFEE4C98AB4 /* Pods-GreenWallet.release.xcconfig */ = {isa = PBXFileReference; includeInIndex = 1; lastKnownFileType = text.xcconfig; name = "Pods-GreenWallet.release.xcconfig"; path = "Target Support Files/Pods-GreenWallet/Pods-GreenWallet.release.xcconfig"; sourceTree = "<group>"; };
/* End PBXFileReference section */

/* Begin PBXFrameworksBuildPhase section */
		FB59402E2816856700037DFA /* Frameworks */ = {
			isa = PBXFrameworksBuildPhase;
			buildActionMask = 2147483647;
			files = (
				EDAF23A7FAA648A790DD2CB7 /* Pods_GreenWallet.framework in Frameworks */,
			);
			runOnlyForDeploymentPostprocessing = 0;
		};
/* End PBXFrameworksBuildPhase section */

/* Begin PBXGroup section */
		69E1947848511733B494B6A0 /* Pods */ = {
			isa = PBXGroup;
			children = (
				E8E3D1CD28ED67C02EEC1172 /* Pods-GreenWallet.debug.xcconfig */,
				FEA55796C3E3CCFEE4C98AB4 /* Pods-GreenWallet.release.xcconfig */,
			);
			path = Pods;
			sourceTree = "<group>";
		};
		B7970CC696E5C9756E9A3115 /* Frameworks */ = {
			isa = PBXGroup;
			children = (
				ED23606911404945CE9F819D /* Pods_GreenWallet.framework */,
			);
			name = Frameworks;
			sourceTree = "<group>";
		};
		FB0883DD281BF48F001D4317 /* CustomSwitch */ = {
			isa = PBXGroup;
			children = (
				FB383FE6281BE1C700939B6D /* CustomSwitch.swift */,
				FB0883DB281BE21F001D4317 /* CustomThumbView.swift */,
			);
			path = CustomSwitch;
			sourceTree = "<group>";
		};
		FB0883DF281BF4B9001D4317 /* MainVCCells */ = {
			isa = PBXGroup;
			children = (
				FBFE5774281AB8CC0016E74A /* SelectSystemTableViewCell */,
				FBFE5775281AB8D90016E74A /* ImportTableViewCell */,
				FBFE5776281AB8E20016E74A /* BalanceTableViewCell */,
				FBFE5777281AB8EE0016E74A /* ImportTokensTableViewCell */,
				FBFE5778281AB8FB0016E74A /* SettingsTableViewCell */,
				FBFE579C281B284D0016E74A /* LanguageTableViewCell */,
			);
			path = MainVCCells;
			sourceTree = "<group>";
		};
		FB3207FB2818019300F1ADCA /* CutomCells */ = {
			isa = PBXGroup;
			children = (
				FB0883DF281BF4B9001D4317 /* MainVCCells */,
				FBBECA892832CF250042D1B8 /* mCollectionViewCell.swift */,
				FBBECA8A2832CF250042D1B8 /* mCollectionViewCell.xib */,
				FB6D93DA2834F1E200B11E80 /* AllWalletsTableViewCell.swift */,
				FB6D93DB2834F1E200B11E80 /* AllWalletsTableViewCell.xib */,
				FB6D93DE2834F40500B11E80 /* AddWalletTableViewCell.swift */,
				FB6D93DF2834F40500B11E80 /* AddWalletTableViewCell.xib */,
				FBB9CF622836604D0094742E /* MyWalletCollectionViewCell.swift */,
				FBB9CF632836604D0094742E /* MyWalletCollectionViewCell.xib */,
				FBB9CF66283673500094742E /* MyWalletsButtonsCollectionViewCell.swift */,
				FBB9CF67283673500094742E /* MyWalletsButtonsCollectionViewCell.xib */,
				FBB9CF6A283677320094742E /* MyWalletDetailCollectionViewCell.swift */,
				FBB9CF6B283677320094742E /* MyWalletDetailCollectionViewCell.xib */,
				FB9A982A283776B20018BBFA /* TransitionsTableViewCell.swift */,
				FB9A982B283776B20018BBFA /* TransitionsTableViewCell.xib */,
				FB96DB6C2844D0850018EC2A /* TransictionFilterCollectionViewCell.swift */,
				FB96DB6D2844D0850018EC2A /* TransictionFilterCollectionViewCell.xib */,
				FB79E94D2847676E0093C180 /* ContactTableViewCell.swift */,
				FB79E94E2847676E0093C180 /* ContactTableViewCell.xib */,
			);
			path = CutomCells;
			sourceTree = "<group>";
		};
		FB3208062818279E00F1ADCA /* CustomViews */ = {
			isa = PBXGroup;
			children = (
				FB3754AC282150DA00882338 /* CustomCollectionCells */,
				FB3207FB2818019300F1ADCA /* CutomCells */,
				FB0883DD281BF48F001D4317 /* CustomSwitch */,
				FB6A2A2F28226E36008DD449 /* AllertWalletViewController.swift */,
				FB6A2A3528229A9C008DD449 /* Alert.storyboard */,
				FB6A2A332822995C008DD449 /* AlertService.swift */,
				FBB49A482824DE3800250553 /* SpinnerView.swift */,
				FBB49A4A2824DEA700250553 /* spinner.storyboard */,
				FBB49A4C2824E1A600250553 /* SprinnerViewController.swift */,
				FB94C6F92840C21500FF4686 /* CustomMainCollectionView.swift */,
			);
			path = CustomViews;
			sourceTree = "<group>";
		};
		FB3208072818285100F1ADCA /* ViewControllers */ = {
			isa = PBXGroup;
			children = (
				FB5940382816856700037DFA /* SelectLanguageViewController.swift */,
				FB59404B281694DD00037DFA /* TermsOfUseViewController.swift */,
				FB3208082818286E00F1ADCA /* MainViewController.swift */,
				FB0FCA6528194D4300BB0527 /* SelectSystemViewController.swift */,
				FB0FCA7528197B4800BB0527 /* ImportTokensViewController.swift */,
				FBFE5772281AAB040016E74A /* SettingsViewController.swift */,
				FBFE579D281B28880016E74A /* LanguageViewController.swift */,
				FBFE57A3281B4AFE0016E74A /* InfoViewController.swift */,
				FB2F368F28206ACB007576FE /* NewWalletViewController.swift */,
				FB2F369128207BC0007576FE /* CreatingViewController.swift */,
				FB3754AA28214F2000882338 /* MnemonicViewController.swift */,
				FB3754B12821BE8F00882338 /* VerifyMnemonicViewController.swift */,
				FB5947482823D8DD00C74E73 /* ImportMnemonicViewController.swift */,
				FB2F369328208286007576FE /* MainTabBarController.swift */,
				FB3BC16D282C0BD2001B539E /* GetTokenViewController.swift */,
				FB90380E282D52EE004023F5 /* PushTokensViewController.swift */,
				FB8EAC1E282FC8B4007244C1 /* PasswordViewController.swift */,
				FB8BF8DA282FFDF70067CD0B /* QRScanViewController.swift */,
				FB42B6E62833E91C0022A8FB /* SupportViewController.swift */,
				FBFE5794281AF4F90016E74A /* AllSettingsViewController.swift */,
				FB6D93E22834F53100B11E80 /* AllWalletsViewController.swift */,
				FBB9CF6028365EA70094742E /* MyWalletsViewController.swift */,
				FBC4AB742836A5AA00566683 /* TransactionHistoryViewController.swift */,
				FB85BA3F283CCC470068E9DE /* GreatingViewController.swift */,
				FB79E9492847672F0093C180 /* ContactsViewController.swift */,
				FB79E94B284767400093C180 /* AddContactViewController.swift */,
			);
			path = ViewControllers;
			sourceTree = "<group>";
		};
		FB3754AC282150DA00882338 /* CustomCollectionCells */ = {
			isa = PBXGroup;
			children = (
				FB3754AE2821511900882338 /* MnemonicCollectionViewCell.xib */,
				FB59474A2823FCAD00C74E73 /* ImportMnemonicCollectionViewCell.swift */,
				FB59474B2823FCAF00C74E73 /* ImportMnemonicCollectionViewCell.xib */,
				FB3754AD2821511900882338 /* MnemonicCollectionViewCell.swift */,
				FB7A88662833B310005D05D8 /* qrCollectionViewCell.swift */,
				FB7A88672833B310005D05D8 /* qrCollectionViewCell.xib */,
			);
			path = CustomCollectionCells;
			sourceTree = "<group>";
		};
		FB5940282816856700037DFA = {
			isa = PBXGroup;
			children = (
				FB5940332816856700037DFA /* GreenWallet */,
				FB5940322816856700037DFA /* Products */,
				69E1947848511733B494B6A0 /* Pods */,
				B7970CC696E5C9756E9A3115 /* Frameworks */,
			);
			sourceTree = "<group>";
		};
		FB5940322816856700037DFA /* Products */ = {
			isa = PBXGroup;
			children = (
				FB5940312816856700037DFA /* GreenWallet.app */,
			);
			name = Products;
			sourceTree = "<group>";
		};
		FB5940332816856700037DFA /* GreenWallet */ = {
			isa = PBXGroup;
			children = (
				FB5940342816856700037DFA /* AppDelegate.swift */,
				FB5940362816856700037DFA /* SceneDelegate.swift */,
				FBC44E35284531EA00A0A56B /* Models */,
				FBFE5796281B121A0016E74A /* UserDefaultsManager.swift */,
				FB903810282D60DA004023F5 /* WalletManager.swift */,
				FBD1CCA9283B90570081AF3E /* KeyChainManager.swift */,
				FB85BA3D283CCB210068E9DE /* TimeManager.swift */,
				FB16685D283E21D000155670 /* NetworkManager.swift */,
				FBB682E1283E4A3E00CC5959 /* CoreDataManager.swift */,
				FB98D0CD283F850500885E73 /* LocalizationManager.swift */,
				FB87F340284A057D009F896C /* AlertManager.swift */,
				FB3208072818285100F1ADCA /* ViewControllers */,
				FB3208062818279E00F1ADCA /* CustomViews */,
				FB5940512816AC7800037DFA /* Extensions */,
				FB59403A2816856700037DFA /* Main.storyboard */,
				FBD63A43283B745F006CE0A8 /* PasswordStoryboard.storyboard */,
				FB5940402816856A00037DFA /* Assets.xcassets */,
				FB5940422816856A00037DFA /* LaunchScreen.storyboard */,
				FB5940452816856A00037DFA /* Info.plist */,
				FB59403D2816856700037DFA /* GreenWallet.xcdatamodeld */,
			);
			path = GreenWallet;
			sourceTree = "<group>";
		};
		FB5940512816AC7800037DFA /* Extensions */ = {
			isa = PBXGroup;
			children = (
				FB5940522816AC8800037DFA /* Extensions.swift */,
				FB5940542816AEF400037DFA /* CustomClasses.swift */,
			);
			path = Extensions;
			sourceTree = "<group>";
		};
		FBC44E35284531EA00A0A56B /* Models */ = {
			isa = PBXGroup;
			children = (
				FB0FCA6F2819629D00BB0527 /* Models.swift */,
			);
			path = Models;
			sourceTree = "<group>";
		};
		FBFE5774281AB8CC0016E74A /* SelectSystemTableViewCell */ = {
			isa = PBXGroup;
			children = (
				FB0FCA6B2819600400BB0527 /* SelectSystemTableViewCell.swift */,
				FB0FCA6C2819600400BB0527 /* SelectSystemTableViewCell.xib */,
			);
			path = SelectSystemTableViewCell;
			sourceTree = "<group>";
		};
		FBFE5775281AB8D90016E74A /* ImportTableViewCell */ = {
			isa = PBXGroup;
			children = (
				FB0FCA6128193CCC00BB0527 /* ImportTableViewCell.swift */,
				FB0FCA6228193CCC00BB0527 /* ImportTableViewCell.xib */,
			);
			path = ImportTableViewCell;
			sourceTree = "<group>";
		};
		FBFE5776281AB8E20016E74A /* BalanceTableViewCell */ = {
			isa = PBXGroup;
			children = (
				FB3207F72818018F00F1ADCA /* BalanceTableViewCell.swift */,
				FB3207F82818018F00F1ADCA /* BalanceTableViewCell.xib */,
			);
			path = BalanceTableViewCell;
			sourceTree = "<group>";
		};
		FBFE5777281AB8EE0016E74A /* ImportTokensTableViewCell */ = {
			isa = PBXGroup;
			children = (
				FB0FCA7128197A4000BB0527 /* ImportTokensTableViewCell.swift */,
				FB0FCA7228197A4000BB0527 /* ImportTokensTableViewCell.xib */,
			);
			path = ImportTokensTableViewCell;
			sourceTree = "<group>";
		};
		FBFE5778281AB8FB0016E74A /* SettingsTableViewCell */ = {
			isa = PBXGroup;
			children = (
				FBFE577E281ABE060016E74A /* ThemesTableViewCell */,
				FBFE5783281ABE500016E74A /* SecureBalanceTableViewCell */,
				FBFE578C281AC2BF0016E74A /* SupportTableViewCell */,
				FBFE5791281AC5E50016E74A /* PushAndAllSettingsTableViewCell */,
			);
			path = SettingsTableViewCell;
			sourceTree = "<group>";
		};
		FBFE577E281ABE060016E74A /* ThemesTableViewCell */ = {
			isa = PBXGroup;
			children = (
				FBFE5779281AB9250016E74A /* ThemesTableViewCell.swift */,
				FBFE577A281AB9250016E74A /* ThemesTableViewCell.xib */,
			);
			path = ThemesTableViewCell;
			sourceTree = "<group>";
		};
		FBFE5783281ABE500016E74A /* SecureBalanceTableViewCell */ = {
			isa = PBXGroup;
			children = (
				FBFE577F281ABE2D0016E74A /* SecureBalanceTableViewCell.swift */,
				FBFE5792281AE8C60016E74A /* SecureBalanceTableViewCell.xib */,
			);
			path = SecureBalanceTableViewCell;
			sourceTree = "<group>";
		};
		FBFE578C281AC2BF0016E74A /* SupportTableViewCell */ = {
			isa = PBXGroup;
			children = (
				FBFE5788281AC2B70016E74A /* SupportTableViewCell.swift */,
				FBFE5789281AC2B70016E74A /* SupportTableViewCell.xib */,
			);
			path = SupportTableViewCell;
			sourceTree = "<group>";
		};
		FBFE5791281AC5E50016E74A /* PushAndAllSettingsTableViewCell */ = {
			isa = PBXGroup;
			children = (
				FBFE578D281AC4050016E74A /* PushAndAllSettingsTableViewCell.swift */,
				FBFE578E281AC4050016E74A /* PushAndAllSettingsTableViewCell.xib */,
			);
			path = PushAndAllSettingsTableViewCell;
			sourceTree = "<group>";
		};
		FBFE579C281B284D0016E74A /* LanguageTableViewCell */ = {
			isa = PBXGroup;
			children = (
				FBFE5798281B269E0016E74A /* LanguageTableViewCell.swift */,
				FBFE57A1281B2EDD0016E74A /* LanguageTableViewCell.xib */,
			);
			path = LanguageTableViewCell;
			sourceTree = "<group>";
		};
/* End PBXGroup section */

/* Begin PBXNativeTarget section */
		FB5940302816856700037DFA /* GreenWallet */ = {
			isa = PBXNativeTarget;
			buildConfigurationList = FB5940482816856A00037DFA /* Build configuration list for PBXNativeTarget "GreenWallet" */;
			buildPhases = (
				C0EB99883CA29495043FAA55 /* [CP] Check Pods Manifest.lock */,
				FB59402D2816856700037DFA /* Sources */,
				FB59402E2816856700037DFA /* Frameworks */,
				FB59402F2816856700037DFA /* Resources */,
				4E6D24687CBB1FCA76EDCFD6 /* [CP] Embed Pods Frameworks */,
			);
			buildRules = (
			);
			dependencies = (
			);
			name = GreenWallet;
			productName = GreenWallet;
			productReference = FB5940312816856700037DFA /* GreenWallet.app */;
			productType = "com.apple.product-type.application";
		};
/* End PBXNativeTarget section */

/* Begin PBXProject section */
		FB5940292816856700037DFA /* Project object */ = {
			isa = PBXProject;
			attributes = {
				BuildIndependentTargetsInParallel = 1;
				LastSwiftUpdateCheck = 1320;
				LastUpgradeCheck = 1320;
				TargetAttributes = {
					FB5940302816856700037DFA = {
						CreatedOnToolsVersion = 13.2.1;
					};
				};
			};
			buildConfigurationList = FB59402C2816856700037DFA /* Build configuration list for PBXProject "GreenWallet" */;
			compatibilityVersion = "Xcode 13.0";
			developmentRegion = en;
			hasScannedForEncodings = 0;
			knownRegions = (
				en,
				Base,
			);
			mainGroup = FB5940282816856700037DFA;
			productRefGroup = FB5940322816856700037DFA /* Products */;
			projectDirPath = "";
			projectRoot = "";
			targets = (
				FB5940302816856700037DFA /* GreenWallet */,
			);
		};
/* End PBXProject section */

/* Begin PBXResourcesBuildPhase section */
		FB59402F2816856700037DFA /* Resources */ = {
			isa = PBXResourcesBuildPhase;
			buildActionMask = 2147483647;
			files = (
				FB79E9502847676E0093C180 /* ContactTableViewCell.xib in Resources */,
				FB5940442816856A00037DFA /* LaunchScreen.storyboard in Resources */,
				FBFE578B281AC2B70016E74A /* SupportTableViewCell.xib in Resources */,
				FB5940412816856A00037DFA /* Assets.xcassets in Resources */,
				FB3207FA2818018F00F1ADCA /* BalanceTableViewCell.xib in Resources */,
				FBFE5790281AC4060016E74A /* PushAndAllSettingsTableViewCell.xib in Resources */,
				FB0FCA6E2819600400BB0527 /* SelectSystemTableViewCell.xib in Resources */,
				FB0FCA6428193CCC00BB0527 /* ImportTableViewCell.xib in Resources */,
				FBBECA8C2832CF250042D1B8 /* mCollectionViewCell.xib in Resources */,
				FB0FCA7428197A4000BB0527 /* ImportTokensTableViewCell.xib in Resources */,
				FBB49A4B2824DEA700250553 /* spinner.storyboard in Resources */,
				FBD63A44283B7460006CE0A8 /* PasswordStoryboard.storyboard in Resources */,
				FB6D93DD2834F1E200B11E80 /* AllWalletsTableViewCell.xib in Resources */,
				FBB9CF652836604D0094742E /* MyWalletCollectionViewCell.xib in Resources */,
				FB96DB6F2844D0850018EC2A /* TransictionFilterCollectionViewCell.xib in Resources */,
				FBFE5793281AE8C60016E74A /* SecureBalanceTableViewCell.xib in Resources */,
				FB7A88692833B310005D05D8 /* qrCollectionViewCell.xib in Resources */,
				FB9A982D283776B20018BBFA /* TransitionsTableViewCell.xib in Resources */,
				FBB9CF6D283677320094742E /* MyWalletDetailCollectionViewCell.xib in Resources */,
				FB3754B02821511900882338 /* MnemonicCollectionViewCell.xib in Resources */,
				FBB9CF69283673500094742E /* MyWalletsButtonsCollectionViewCell.xib in Resources */,
				FBFE57A2281B2EDD0016E74A /* LanguageTableViewCell.xib in Resources */,
				FB6A2A3628229A9C008DD449 /* Alert.storyboard in Resources */,
				FB6D93E12834F40500B11E80 /* AddWalletTableViewCell.xib in Resources */,
				FBFE577C281AB9250016E74A /* ThemesTableViewCell.xib in Resources */,
				FB59474D2823FCAF00C74E73 /* ImportMnemonicCollectionViewCell.xib in Resources */,
				FB59403C2816856700037DFA /* Main.storyboard in Resources */,
			);
			runOnlyForDeploymentPostprocessing = 0;
		};
/* End PBXResourcesBuildPhase section */

/* Begin PBXShellScriptBuildPhase section */
		4E6D24687CBB1FCA76EDCFD6 /* [CP] Embed Pods Frameworks */ = {
			isa = PBXShellScriptBuildPhase;
			buildActionMask = 2147483647;
			files = (
			);
			inputFileListPaths = (
				"${PODS_ROOT}/Target Support Files/Pods-GreenWallet/Pods-GreenWallet-frameworks-${CONFIGURATION}-input-files.xcfilelist",
			);
			name = "[CP] Embed Pods Frameworks";
			outputFileListPaths = (
				"${PODS_ROOT}/Target Support Files/Pods-GreenWallet/Pods-GreenWallet-frameworks-${CONFIGURATION}-output-files.xcfilelist",
			);
			runOnlyForDeploymentPostprocessing = 0;
			shellPath = /bin/sh;
			shellScript = "\"${PODS_ROOT}/Target Support Files/Pods-GreenWallet/Pods-GreenWallet-frameworks.sh\"\n";
			showEnvVarsInLog = 0;
		};
		C0EB99883CA29495043FAA55 /* [CP] Check Pods Manifest.lock */ = {
			isa = PBXShellScriptBuildPhase;
			buildActionMask = 2147483647;
			files = (
			);
			inputFileListPaths = (
			);
			inputPaths = (
				"${PODS_PODFILE_DIR_PATH}/Podfile.lock",
				"${PODS_ROOT}/Manifest.lock",
			);
			name = "[CP] Check Pods Manifest.lock";
			outputFileListPaths = (
			);
			outputPaths = (
				"$(DERIVED_FILE_DIR)/Pods-GreenWallet-checkManifestLockResult.txt",
			);
			runOnlyForDeploymentPostprocessing = 0;
			shellPath = /bin/sh;
			shellScript = "diff \"${PODS_PODFILE_DIR_PATH}/Podfile.lock\" \"${PODS_ROOT}/Manifest.lock\" > /dev/null\nif [ $? != 0 ] ; then\n    # print error to STDERR\n    echo \"error: The sandbox is not in sync with the Podfile.lock. Run 'pod install' or update your CocoaPods installation.\" >&2\n    exit 1\nfi\n# This output is used by Xcode 'outputs' to avoid re-running this script phase.\necho \"SUCCESS\" > \"${SCRIPT_OUTPUT_FILE_0}\"\n";
			showEnvVarsInLog = 0;
		};
/* End PBXShellScriptBuildPhase section */

/* Begin PBXSourcesBuildPhase section */
		FB59402D2816856700037DFA /* Sources */ = {
			isa = PBXSourcesBuildPhase;
			buildActionMask = 2147483647;
			files = (
				FB903811282D60DA004023F5 /* WalletManager.swift in Sources */,
				FB42B6E72833E91C0022A8FB /* SupportViewController.swift in Sources */,
				FBFE5781281ABE2D0016E74A /* SecureBalanceTableViewCell.swift in Sources */,
				FB59404C281694DD00037DFA /* TermsOfUseViewController.swift in Sources */,
				FB2F369428208286007576FE /* MainTabBarController.swift in Sources */,
				FB8EAC1F282FC8B4007244C1 /* PasswordViewController.swift in Sources */,
				FBB9CF642836604D0094742E /* MyWalletCollectionViewCell.swift in Sources */,
				FB6D93E02834F40500B11E80 /* AddWalletTableViewCell.swift in Sources */,
				FBFE579E281B28880016E74A /* LanguageViewController.swift in Sources */,
				FB3754AB28214F2000882338 /* MnemonicViewController.swift in Sources */,
				FBFE578A281AC2B70016E74A /* SupportTableViewCell.swift in Sources */,
				FB59474C2823FCAF00C74E73 /* ImportMnemonicCollectionViewCell.swift in Sources */,
				FB16685E283E21D000155670 /* NetworkManager.swift in Sources */,
				FB3754B22821BE8F00882338 /* VerifyMnemonicViewController.swift in Sources */,
				FB79E94A2847672F0093C180 /* ContactsViewController.swift in Sources */,
				FBFE57A4281B4AFE0016E74A /* InfoViewController.swift in Sources */,
				FB0FCA702819629D00BB0527 /* Models.swift in Sources */,
				FB6A2A342822995C008DD449 /* AlertService.swift in Sources */,
				FBBECA8B2832CF250042D1B8 /* mCollectionViewCell.swift in Sources */,
				FBFE5797281B121B0016E74A /* UserDefaultsManager.swift in Sources */,
				FB9A982C283776B20018BBFA /* TransitionsTableViewCell.swift in Sources */,
				FBB9CF6C283677320094742E /* MyWalletDetailCollectionViewCell.swift in Sources */,
				FB6D93DC2834F1E200B11E80 /* AllWalletsTableViewCell.swift in Sources */,
				FB90380F282D52EE004023F5 /* PushTokensViewController.swift in Sources */,
				FB6A2A3128226E36008DD449 /* AllertWalletViewController.swift in Sources */,
				FB5940532816AC8800037DFA /* Extensions.swift in Sources */,
				FBB9CF6128365EA70094742E /* MyWalletsViewController.swift in Sources */,
				FB5940552816AEF400037DFA /* CustomClasses.swift in Sources */,
				FB85BA3E283CCB210068E9DE /* TimeManager.swift in Sources */,
				FB0FCA6628194D4300BB0527 /* SelectSystemViewController.swift in Sources */,
				FB94C6FA2840C21500FF4686 /* CustomMainCollectionView.swift in Sources */,
				FB0FCA7628197B4800BB0527 /* ImportTokensViewController.swift in Sources */,
				FB96DB6E2844D0850018EC2A /* TransictionFilterCollectionViewCell.swift in Sources */,
				FB5940392816856700037DFA /* SelectLanguageViewController.swift in Sources */,
				FB383FE7281BE1C700939B6D /* CustomSwitch.swift in Sources */,
				FBB49A4D2824E1A600250553 /* SprinnerViewController.swift in Sources */,
				FB6D93E32834F53100B11E80 /* AllWalletsViewController.swift in Sources */,
				FBC4AB752836A5AA00566683 /* TransactionHistoryViewController.swift in Sources */,
				FBFE5773281AAB040016E74A /* SettingsViewController.swift in Sources */,
				FB8BF8DB282FFDF70067CD0B /* QRScanViewController.swift in Sources */,
				FB79E94F2847676E0093C180 /* ContactTableViewCell.swift in Sources */,
				FB3754AF2821511900882338 /* MnemonicCollectionViewCell.swift in Sources */,
				FB98D0CE283F850500885E73 /* LocalizationManager.swift in Sources */,
				FB0FCA6328193CCC00BB0527 /* ImportTableViewCell.swift in Sources */,
				FBD1CCAA283B90570081AF3E /* KeyChainManager.swift in Sources */,
				FBFE579A281B269E0016E74A /* LanguageTableViewCell.swift in Sources */,
				FB79E94C284767400093C180 /* AddContactViewController.swift in Sources */,
				FBB9CF68283673500094742E /* MyWalletsButtonsCollectionViewCell.swift in Sources */,
				FB0FCA6D2819600400BB0527 /* SelectSystemTableViewCell.swift in Sources */,
				FBB682E2283E4A3E00CC5959 /* CoreDataManager.swift in Sources */,
				FB85BA40283CCC470068E9DE /* GreatingViewController.swift in Sources */,
				FBFE578F281AC4050016E74A /* PushAndAllSettingsTableViewCell.swift in Sources */,
				FB87F341284A057D009F896C /* AlertManager.swift in Sources */,
				FB2F369028206ACB007576FE /* NewWalletViewController.swift in Sources */,
				FB5947492823D8DD00C74E73 /* ImportMnemonicViewController.swift in Sources */,
				FB0883DC281BE21F001D4317 /* CustomThumbView.swift in Sources */,
				FBB49A492824DE3800250553 /* SpinnerView.swift in Sources */,
				FB2F369228207BC0007576FE /* CreatingViewController.swift in Sources */,
				FBFE5795281AF4F90016E74A /* AllSettingsViewController.swift in Sources */,
				FB0FCA7328197A4000BB0527 /* ImportTokensTableViewCell.swift in Sources */,
				FBFE577B281AB9250016E74A /* ThemesTableViewCell.swift in Sources */,
				FB5940352816856700037DFA /* AppDelegate.swift in Sources */,
				FB59403F2816856700037DFA /* GreenWallet.xcdatamodeld in Sources */,
				FB3208092818286E00F1ADCA /* MainViewController.swift in Sources */,
				FB5940372816856700037DFA /* SceneDelegate.swift in Sources */,
				FB3207F92818018F00F1ADCA /* BalanceTableViewCell.swift in Sources */,
				FB3BC16E282C0BD2001B539E /* GetTokenViewController.swift in Sources */,
				FB7A88682833B310005D05D8 /* qrCollectionViewCell.swift in Sources */,
			);
			runOnlyForDeploymentPostprocessing = 0;
		};
/* End PBXSourcesBuildPhase section */

/* Begin PBXVariantGroup section */
		FB59403A2816856700037DFA /* Main.storyboard */ = {
			isa = PBXVariantGroup;
			children = (
				FB59403B2816856700037DFA /* Base */,
			);
			name = Main.storyboard;
			sourceTree = "<group>";
		};
		FB5940422816856A00037DFA /* LaunchScreen.storyboard */ = {
			isa = PBXVariantGroup;
			children = (
				FB5940432816856A00037DFA /* Base */,
			);
			name = LaunchScreen.storyboard;
			sourceTree = "<group>";
		};
/* End PBXVariantGroup section */

/* Begin XCBuildConfiguration section */
		FB5940462816856A00037DFA /* Debug */ = {
			isa = XCBuildConfiguration;
			buildSettings = {
				ALWAYS_SEARCH_USER_PATHS = NO;
				CLANG_ANALYZER_NONNULL = YES;
				CLANG_ANALYZER_NUMBER_OBJECT_CONVERSION = YES_AGGRESSIVE;
				CLANG_CXX_LANGUAGE_STANDARD = "gnu++17";
				CLANG_CXX_LIBRARY = "libc++";
				CLANG_ENABLE_MODULES = YES;
				CLANG_ENABLE_OBJC_ARC = YES;
				CLANG_ENABLE_OBJC_WEAK = YES;
				CLANG_WARN_BLOCK_CAPTURE_AUTORELEASING = YES;
				CLANG_WARN_BOOL_CONVERSION = YES;
				CLANG_WARN_COMMA = YES;
				CLANG_WARN_CONSTANT_CONVERSION = YES;
				CLANG_WARN_DEPRECATED_OBJC_IMPLEMENTATIONS = YES;
				CLANG_WARN_DIRECT_OBJC_ISA_USAGE = YES_ERROR;
				CLANG_WARN_DOCUMENTATION_COMMENTS = YES;
				CLANG_WARN_EMPTY_BODY = YES;
				CLANG_WARN_ENUM_CONVERSION = YES;
				CLANG_WARN_INFINITE_RECURSION = YES;
				CLANG_WARN_INT_CONVERSION = YES;
				CLANG_WARN_NON_LITERAL_NULL_CONVERSION = YES;
				CLANG_WARN_OBJC_IMPLICIT_RETAIN_SELF = YES;
				CLANG_WARN_OBJC_LITERAL_CONVERSION = YES;
				CLANG_WARN_OBJC_ROOT_CLASS = YES_ERROR;
				CLANG_WARN_QUOTED_INCLUDE_IN_FRAMEWORK_HEADER = YES;
				CLANG_WARN_RANGE_LOOP_ANALYSIS = YES;
				CLANG_WARN_STRICT_PROTOTYPES = YES;
				CLANG_WARN_SUSPICIOUS_MOVE = YES;
				CLANG_WARN_UNGUARDED_AVAILABILITY = YES_AGGRESSIVE;
				CLANG_WARN_UNREACHABLE_CODE = YES;
				CLANG_WARN__DUPLICATE_METHOD_MATCH = YES;
				COPY_PHASE_STRIP = NO;
				DEBUG_INFORMATION_FORMAT = dwarf;
				ENABLE_STRICT_OBJC_MSGSEND = YES;
				ENABLE_TESTABILITY = YES;
				GCC_C_LANGUAGE_STANDARD = gnu11;
				GCC_DYNAMIC_NO_PIC = NO;
				GCC_NO_COMMON_BLOCKS = YES;
				GCC_OPTIMIZATION_LEVEL = 0;
				GCC_PREPROCESSOR_DEFINITIONS = (
					"DEBUG=1",
					"$(inherited)",
				);
				GCC_WARN_64_TO_32_BIT_CONVERSION = YES;
				GCC_WARN_ABOUT_RETURN_TYPE = YES_ERROR;
				GCC_WARN_UNDECLARED_SELECTOR = YES;
				GCC_WARN_UNINITIALIZED_AUTOS = YES_AGGRESSIVE;
				GCC_WARN_UNUSED_FUNCTION = YES;
				GCC_WARN_UNUSED_VARIABLE = YES;
				IPHONEOS_DEPLOYMENT_TARGET = 15.2;
				MTL_ENABLE_DEBUG_INFO = INCLUDE_SOURCE;
				MTL_FAST_MATH = YES;
				ONLY_ACTIVE_ARCH = YES;
				SDKROOT = iphoneos;
				SWIFT_ACTIVE_COMPILATION_CONDITIONS = DEBUG;
				SWIFT_OPTIMIZATION_LEVEL = "-Onone";
			};
			name = Debug;
		};
		FB5940472816856A00037DFA /* Release */ = {
			isa = XCBuildConfiguration;
			buildSettings = {
				ALWAYS_SEARCH_USER_PATHS = NO;
				CLANG_ANALYZER_NONNULL = YES;
				CLANG_ANALYZER_NUMBER_OBJECT_CONVERSION = YES_AGGRESSIVE;
				CLANG_CXX_LANGUAGE_STANDARD = "gnu++17";
				CLANG_CXX_LIBRARY = "libc++";
				CLANG_ENABLE_MODULES = YES;
				CLANG_ENABLE_OBJC_ARC = YES;
				CLANG_ENABLE_OBJC_WEAK = YES;
				CLANG_WARN_BLOCK_CAPTURE_AUTORELEASING = YES;
				CLANG_WARN_BOOL_CONVERSION = YES;
				CLANG_WARN_COMMA = YES;
				CLANG_WARN_CONSTANT_CONVERSION = YES;
				CLANG_WARN_DEPRECATED_OBJC_IMPLEMENTATIONS = YES;
				CLANG_WARN_DIRECT_OBJC_ISA_USAGE = YES_ERROR;
				CLANG_WARN_DOCUMENTATION_COMMENTS = YES;
				CLANG_WARN_EMPTY_BODY = YES;
				CLANG_WARN_ENUM_CONVERSION = YES;
				CLANG_WARN_INFINITE_RECURSION = YES;
				CLANG_WARN_INT_CONVERSION = YES;
				CLANG_WARN_NON_LITERAL_NULL_CONVERSION = YES;
				CLANG_WARN_OBJC_IMPLICIT_RETAIN_SELF = YES;
				CLANG_WARN_OBJC_LITERAL_CONVERSION = YES;
				CLANG_WARN_OBJC_ROOT_CLASS = YES_ERROR;
				CLANG_WARN_QUOTED_INCLUDE_IN_FRAMEWORK_HEADER = YES;
				CLANG_WARN_RANGE_LOOP_ANALYSIS = YES;
				CLANG_WARN_STRICT_PROTOTYPES = YES;
				CLANG_WARN_SUSPICIOUS_MOVE = YES;
				CLANG_WARN_UNGUARDED_AVAILABILITY = YES_AGGRESSIVE;
				CLANG_WARN_UNREACHABLE_CODE = YES;
				CLANG_WARN__DUPLICATE_METHOD_MATCH = YES;
				COPY_PHASE_STRIP = NO;
				DEBUG_INFORMATION_FORMAT = "dwarf-with-dsym";
				ENABLE_NS_ASSERTIONS = NO;
				ENABLE_STRICT_OBJC_MSGSEND = YES;
				GCC_C_LANGUAGE_STANDARD = gnu11;
				GCC_NO_COMMON_BLOCKS = YES;
				GCC_WARN_64_TO_32_BIT_CONVERSION = YES;
				GCC_WARN_ABOUT_RETURN_TYPE = YES_ERROR;
				GCC_WARN_UNDECLARED_SELECTOR = YES;
				GCC_WARN_UNINITIALIZED_AUTOS = YES_AGGRESSIVE;
				GCC_WARN_UNUSED_FUNCTION = YES;
				GCC_WARN_UNUSED_VARIABLE = YES;
				IPHONEOS_DEPLOYMENT_TARGET = 15.2;
				MTL_ENABLE_DEBUG_INFO = NO;
				MTL_FAST_MATH = YES;
				SDKROOT = iphoneos;
				SWIFT_COMPILATION_MODE = wholemodule;
				SWIFT_OPTIMIZATION_LEVEL = "-O";
				VALIDATE_PRODUCT = YES;
			};
			name = Release;
		};
		FB5940492816856A00037DFA /* Debug */ = {
			isa = XCBuildConfiguration;
			baseConfigurationReference = E8E3D1CD28ED67C02EEC1172 /* Pods-GreenWallet.debug.xcconfig */;
			buildSettings = {
				ASSETCATALOG_COMPILER_APPICON_NAME = AppIcon;
				ASSETCATALOG_COMPILER_GLOBAL_ACCENT_COLOR_NAME = AccentColor;
				CODE_SIGN_STYLE = Automatic;
				CURRENT_PROJECT_VERSION = 1;
				DEVELOPMENT_TEAM = 4BT2VTU8HS;
				GENERATE_INFOPLIST_FILE = YES;
				INFOPLIST_FILE = GreenWallet/Info.plist;
				INFOPLIST_KEY_UIApplicationSupportsIndirectInputEvents = YES;
				INFOPLIST_KEY_UILaunchStoryboardName = LaunchScreen;
				INFOPLIST_KEY_UIMainStoryboardFile = Main;
				INFOPLIST_KEY_UISupportedInterfaceOrientations = UIInterfaceOrientationPortrait;
				INFOPLIST_KEY_UISupportedInterfaceOrientations_iPad = "UIInterfaceOrientationPortrait UIInterfaceOrientationPortraitUpsideDown UIInterfaceOrientationLandscapeLeft UIInterfaceOrientationLandscapeRight";
				INFOPLIST_KEY_UISupportedInterfaceOrientations_iPhone = "UIInterfaceOrientationPortrait UIInterfaceOrientationLandscapeLeft UIInterfaceOrientationLandscapeRight";
				LD_RUNPATH_SEARCH_PATHS = (
					"$(inherited)",
					"@executable_path/Frameworks",
				);
				MARKETING_VERSION = 1.0;
				PRODUCT_BUNDLE_IDENTIFIER = com.gusarovfg.GreenWallet;
				PRODUCT_NAME = "$(TARGET_NAME)";
				SWIFT_EMIT_LOC_STRINGS = YES;
				SWIFT_VERSION = 5.0;
				TARGETED_DEVICE_FAMILY = "1,2";
			};
			name = Debug;
		};
		FB59404A2816856A00037DFA /* Release */ = {
			isa = XCBuildConfiguration;
			baseConfigurationReference = FEA55796C3E3CCFEE4C98AB4 /* Pods-GreenWallet.release.xcconfig */;
			buildSettings = {
				ASSETCATALOG_COMPILER_APPICON_NAME = AppIcon;
				ASSETCATALOG_COMPILER_GLOBAL_ACCENT_COLOR_NAME = AccentColor;
				CODE_SIGN_STYLE = Automatic;
				CURRENT_PROJECT_VERSION = 1;
				DEVELOPMENT_TEAM = 4BT2VTU8HS;
				GENERATE_INFOPLIST_FILE = YES;
				INFOPLIST_FILE = GreenWallet/Info.plist;
				INFOPLIST_KEY_UIApplicationSupportsIndirectInputEvents = YES;
				INFOPLIST_KEY_UILaunchStoryboardName = LaunchScreen;
				INFOPLIST_KEY_UIMainStoryboardFile = Main;
				INFOPLIST_KEY_UISupportedInterfaceOrientations = UIInterfaceOrientationPortrait;
				INFOPLIST_KEY_UISupportedInterfaceOrientations_iPad = "UIInterfaceOrientationPortrait UIInterfaceOrientationPortraitUpsideDown UIInterfaceOrientationLandscapeLeft UIInterfaceOrientationLandscapeRight";
				INFOPLIST_KEY_UISupportedInterfaceOrientations_iPhone = "UIInterfaceOrientationPortrait UIInterfaceOrientationLandscapeLeft UIInterfaceOrientationLandscapeRight";
				LD_RUNPATH_SEARCH_PATHS = (
					"$(inherited)",
					"@executable_path/Frameworks",
				);
				MARKETING_VERSION = 1.0;
				PRODUCT_BUNDLE_IDENTIFIER = com.gusarovfg.GreenWallet;
				PRODUCT_NAME = "$(TARGET_NAME)";
				SWIFT_EMIT_LOC_STRINGS = YES;
				SWIFT_VERSION = 5.0;
				TARGETED_DEVICE_FAMILY = "1,2";
			};
			name = Release;
		};
/* End XCBuildConfiguration section */

/* Begin XCConfigurationList section */
		FB59402C2816856700037DFA /* Build configuration list for PBXProject "GreenWallet" */ = {
			isa = XCConfigurationList;
			buildConfigurations = (
				FB5940462816856A00037DFA /* Debug */,
				FB5940472816856A00037DFA /* Release */,
			);
			defaultConfigurationIsVisible = 0;
			defaultConfigurationName = Release;
		};
		FB5940482816856A00037DFA /* Build configuration list for PBXNativeTarget "GreenWallet" */ = {
			isa = XCConfigurationList;
			buildConfigurations = (
				FB5940492816856A00037DFA /* Debug */,
				FB59404A2816856A00037DFA /* Release */,
			);
			defaultConfigurationIsVisible = 0;
			defaultConfigurationName = Release;
		};
/* End XCConfigurationList section */

/* Begin XCVersionGroup section */
		FB59403D2816856700037DFA /* GreenWallet.xcdatamodeld */ = {
			isa = XCVersionGroup;
			children = (
				FB59403E2816856700037DFA /* GreenWallet.xcdatamodel */,
			);
			currentVersion = FB59403E2816856700037DFA /* GreenWallet.xcdatamodel */;
			path = GreenWallet.xcdatamodeld;
			sourceTree = "<group>";
			versionGroupType = wrapper.xcdatamodel;
		};
/* End XCVersionGroup section */
	};
	rootObject = FB5940292816856700037DFA /* Project object */;
}
