PODS:
  - CryptoSwift (1.5.1)
  - Locksmith (4.0.0)
  - MaterialDesignWidgets (0.1.1)
  - MnemonicSwift (2.2.4)
  - SDWebImage (5.13.1):
    - SDWebImage/Core (= 5.13.1)
  - SDWebImage/Core (5.13.1)
  - SwiftyJSON (5.0.1)

DEPENDENCIES:
  - CryptoSwift
  - Locksmith
  - MaterialDesignWidgets
  - MnemonicSwift
  - SDWebImage
  - SwiftyJSON

SPEC REPOS:
  trunk:
    - CryptoSwift
    - Locksmith
    - MaterialDesignWidgets
    - MnemonicSwift
    - SDWebImage
    - SwiftyJSON

SPEC CHECKSUMS:
  CryptoSwift: c4f2debceb38bf44c80659afe009f71e23e4a082
  Locksmith: e9bebbaaa4cee3c511bc358a44f843c3fe00e21f
  MaterialDesignWidgets: 6d02d3fbba2fa89f6e773983346ad2187d7ef8ff
  MnemonicSwift: 40ba76b951b75b32e2719df989b4d6da5798fe26
  SDWebImage: fb26a455eeda4c7a55e4dcb6172dbb258af7a4ca
  SwiftyJSON: 2f33a42c6fbc52764d96f13368585094bfd8aa5e

PODFILE CHECKSUM: b6a1e611c6efd4886fbb51090be1e8f3ce4bc86e

COCOAPODS: 1.11.2
